
Microsoft Visual Studio Solution File, Format Version 12.00
# Visual Studio Version 16
VisualStudioVersion = 16.0.33423.256
MinimumVisualStudioVersion = 10.0.40219.1
Project("{FAE04EC0-301F-11D3-BF4B-00C04F79EFBC}") = "ElectronicsStore", "ElectronicsStore.csproj", "{B852B9A8-B4CB-4879-9918-678A2A1BC133}"
EndProject
Global
	GlobalSection(SolutionConfigurationPlatforms) = preSolution
		Debug|Any CPU = Debug|Any CPU
		Release|Any CPU = Release|Any CPU
	EndGlobalSection
	GlobalSection(ProjectConfigurationPlatforms) = postSolution
		{B852B9A8-B4CB-4879-9918-678A2A1BC133}.Debug|Any CPU.ActiveCfg = Debug|Any CPU
		{B852B9A8-B4CB-4879-9918-678A2A1BC133}.Debug|Any CPU.Build.0 = Debug|Any CPU
		{B852B9A8-B4CB-4879-9918-678A2A1BC133}.Release|Any CPU.ActiveCfg = Release|Any CPU
		{B852B9A8-B4CB-4879-9918-678A2A1BC133}.Release|Any CPU.Build.0 = Release|Any CPU
	EndGlobalSection
	GlobalSection(SolutionProperties) = preSolution
		HideSolutionNode = FALSE
	EndGlobalSection
	GlobalSection(ExtensibilityGlobals) = postSolution
		SolutionGuid = {4193AE8F-66D3-4663-ADF6-0D36B48419C0}
	EndGlobalSection
EndGlobal
